// !$*UTF8*$!
{
	archiveVersion = 1;
	classes = {
	};
	objectVersion = 77;
	objects = {

/* Begin PBXBuildFile section */
		4D10BE1E2CCE837600F71071 /* RunRhythmWatch Watch App.app in Embed Watch Content */ = {isa = PBXBuildFile; fileRef = 4D10BDFB2CCE837400F71071 /* RunRhythmWatch Watch App.app */; settings = {ATTRIBUTES = (RemoveHeadersOnCopy, ); }; };
/* End PBXBuildFile section */

/* Begin PBXContainerItemProxy section */
		4D10BDDB2CCE823D00F71071 /* PBXContainerItemProxy */ = {
			isa = PBXContainerItemProxy;
			containerPortal = 4D10BDC22CCE823B00F71071 /* Project object */;
			proxyType = 1;
			remoteGlobalIDString = 4D10BDC92CCE823B00F71071;
			remoteInfo = RunRhythm;
		};
		4D10BDE52CCE823D00F71071 /* PBXContainerItemProxy */ = {
			isa = PBXContainerItemProxy;
			containerPortal = 4D10BDC22CCE823B00F71071 /* Project object */;
			proxyType = 1;
			remoteGlobalIDString = 4D10BDC92CCE823B00F71071;
			remoteInfo = RunRhythm;
		};
		4D10BE0B2CCE837600F71071 /* PBXContainerItemProxy */ = {
			isa = PBXContainerItemProxy;
			containerPortal = 4D10BDC22CCE823B00F71071 /* Project object */;
			proxyType = 1;
			remoteGlobalIDString = 4D10BDFA2CCE837400F71071;
			remoteInfo = "RunRhythmWatch Watch App";
		};
		4D10BE152CCE837600F71071 /* PBXContainerItemProxy */ = {
			isa = PBXContainerItemProxy;
			containerPortal = 4D10BDC22CCE823B00F71071 /* Project object */;
			proxyType = 1;
			remoteGlobalIDString = 4D10BDFA2CCE837400F71071;
			remoteInfo = "RunRhythmWatch Watch App";
		};
		4D10BE1C2CCE837600F71071 /* PBXContainerItemProxy */ = {
			isa = PBXContainerItemProxy;
			containerPortal = 4D10BDC22CCE823B00F71071 /* Project object */;
			proxyType = 1;
			remoteGlobalIDString = 4D10BDFA2CCE837400F71071;
			remoteInfo = "RunRhythmWatch Watch App";
		};
/* End PBXContainerItemProxy section */

/* Begin PBXCopyFilesBuildPhase section */
		4D10BE222CCE837600F71071 /* Embed Watch Content */ = {
			isa = PBXCopyFilesBuildPhase;
			buildActionMask = 2147483647;
			dstPath = "$(CONTENTS_FOLDER_PATH)/Watch";
			dstSubfolderSpec = 16;
			files = (
				4D10BE1E2CCE837600F71071 /* RunRhythmWatch Watch App.app in Embed Watch Content */,
			);
			name = "Embed Watch Content";
			runOnlyForDeploymentPostprocessing = 0;
		};
/* End PBXCopyFilesBuildPhase section */

/* Begin PBXFileReference section */
		4D10BDCA2CCE823B00F71071 /* RunRhythm.app */ = {isa = PBXFileReference; explicitFileType = wrapper.application; includeInIndex = 0; path = RunRhythm.app; sourceTree = BUILT_PRODUCTS_DIR; };
		4D10BDDA2CCE823D00F71071 /* RunRhythmTests.xctest */ = {isa = PBXFileReference; explicitFileType = wrapper.cfbundle; includeInIndex = 0; path = RunRhythmTests.xctest; sourceTree = BUILT_PRODUCTS_DIR; };
		4D10BDE42CCE823D00F71071 /* RunRhythmUITests.xctest */ = {isa = PBXFileReference; explicitFileType = wrapper.cfbundle; includeInIndex = 0; path = RunRhythmUITests.xctest; sourceTree = BUILT_PRODUCTS_DIR; };
		4D10BDFB2CCE837400F71071 /* RunRhythmWatch Watch App.app */ = {isa = PBXFileReference; explicitFileType = wrapper.application; includeInIndex = 0; path = "RunRhythmWatch Watch App.app"; sourceTree = BUILT_PRODUCTS_DIR; };
		4D10BE0A2CCE837600F71071 /* RunRhythmWatch Watch AppTests.xctest */ = {isa = PBXFileReference; explicitFileType = wrapper.cfbundle; includeInIndex = 0; path = "RunRhythmWatch Watch AppTests.xctest"; sourceTree = BUILT_PRODUCTS_DIR; };
		4D10BE142CCE837600F71071 /* RunRhythmWatch Watch AppUITests.xctest */ = {isa = PBXFileReference; explicitFileType = wrapper.cfbundle; includeInIndex = 0; path = "RunRhythmWatch Watch AppUITests.xctest"; sourceTree = BUILT_PRODUCTS_DIR; };
/* End PBXFileReference section */

/* Begin PBXFileSystemSynchronizedRootGroup section */
		4D10BDCC2CCE823B00F71071 /* RunRhythm */ = {
			isa = PBXFileSystemSynchronizedRootGroup;
			path = RunRhythm;
			sourceTree = "<group>";
		};
		4D10BDDD2CCE823D00F71071 /* RunRhythmTests */ = {
			isa = PBXFileSystemSynchronizedRootGroup;
			path = RunRhythmTests;
			sourceTree = "<group>";
		};
		4D10BDE72CCE823D00F71071 /* RunRhythmUITests */ = {
			isa = PBXFileSystemSynchronizedRootGroup;
			path = RunRhythmUITests;
			sourceTree = "<group>";
		};
		4D10BDFC2CCE837400F71071 /* RunRhythmWatch Watch App */ = {
			isa = PBXFileSystemSynchronizedRootGroup;
			path = "RunRhythmWatch Watch App";
			sourceTree = "<group>";
		};
		4D10BE0D2CCE837600F71071 /* RunRhythmWatch Watch AppTests */ = {
			isa = PBXFileSystemSynchronizedRootGroup;
			path = "RunRhythmWatch Watch AppTests";
			sourceTree = "<group>";
		};
		4D10BE172CCE837600F71071 /* RunRhythmWatch Watch AppUITests */ = {
			isa = PBXFileSystemSynchronizedRootGroup;
			path = "RunRhythmWatch Watch AppUITests";
			sourceTree = "<group>";
		};
/* End PBXFileSystemSynchronizedRootGroup section */

/* Begin PBXFrameworksBuildPhase section */
		4D10BDC72CCE823B00F71071 /* Frameworks */ = {
			isa = PBXFrameworksBuildPhase;
			buildActionMask = 2147483647;
			files = (
			);
			runOnlyForDeploymentPostprocessing = 0;
		};
		4D10BDD72CCE823D00F71071 /* Frameworks */ = {
			isa = PBXFrameworksBuildPhase;
			buildActionMask = 2147483647;
			files = (
			);
			runOnlyForDeploymentPostprocessing = 0;
		};
		4D10BDE12CCE823D00F71071 /* Frameworks */ = {
			isa = PBXFrameworksBuildPhase;
			buildActionMask = 2147483647;
			files = (
			);
			runOnlyForDeploymentPostprocessing = 0;
		};
		4D10BDF82CCE837400F71071 /* Frameworks */ = {
			isa = PBXFrameworksBuildPhase;
			buildActionMask = 2147483647;
			files = (
			);
			runOnlyForDeploymentPostprocessing = 0;
		};
		4D10BE072CCE837600F71071 /* Frameworks */ = {
			isa = PBXFrameworksBuildPhase;
			buildActionMask = 2147483647;
			files = (
			);
			runOnlyForDeploymentPostprocessing = 0;
		};
		4D10BE112CCE837600F71071 /* Frameworks */ = {
			isa = PBXFrameworksBuildPhase;
			buildActionMask = 2147483647;
			files = (
			);
			runOnlyForDeploymentPostprocessing = 0;
		};
/* End PBXFrameworksBuildPhase section */

/* Begin PBXGroup section */
		4D10BDC12CCE823B00F71071 = {
			isa = PBXGroup;
			children = (
				4D10BDCC2CCE823B00F71071 /* RunRhythm */,
				4D10BDDD2CCE823D00F71071 /* RunRhythmTests */,
				4D10BDE72CCE823D00F71071 /* RunRhythmUITests */,
				4D10BDFC2CCE837400F71071 /* RunRhythmWatch Watch App */,
				4D10BE0D2CCE837600F71071 /* RunRhythmWatch Watch AppTests */,
				4D10BE172CCE837600F71071 /* RunRhythmWatch Watch AppUITests */,
				4D10BDCB2CCE823B00F71071 /* Products */,
			);
			sourceTree = "<group>";
		};
		4D10BDCB2CCE823B00F71071 /* Products */ = {
			isa = PBXGroup;
			children = (
				4D10BDCA2CCE823B00F71071 /* RunRhythm.app */,
				4D10BDDA2CCE823D00F71071 /* RunRhythmTests.xctest */,
				4D10BDE42CCE823D00F71071 /* RunRhythmUITests.xctest */,
				4D10BDFB2CCE837400F71071 /* RunRhythmWatch Watch App.app */,
				4D10BE0A2CCE837600F71071 /* RunRhythmWatch Watch AppTests.xctest */,
				4D10BE142CCE837600F71071 /* RunRhythmWatch Watch AppUITests.xctest */,
			);
			name = Products;
			sourceTree = "<group>";
		};
/* End PBXGroup section */

/* Begin PBXNativeTarget section */
		4D10BDC92CCE823B00F71071 /* RunRhythm */ = {
			isa = PBXNativeTarget;
			buildConfigurationList = 4D10BDEE2CCE823D00F71071 /* Build configuration list for PBXNativeTarget "RunRhythm" */;
			buildPhases = (
				4D10BDC62CCE823B00F71071 /* Sources */,
				4D10BDC72CCE823B00F71071 /* Frameworks */,
				4D10BDC82CCE823B00F71071 /* Resources */,
				4D10BE222CCE837600F71071 /* Embed Watch Content */,
			);
			buildRules = (
			);
			dependencies = (
				4D10BE1D2CCE837600F71071 /* PBXTargetDependency */,
			);
			fileSystemSynchronizedGroups = (
				4D10BDCC2CCE823B00F71071 /* RunRhythm */,
			);
			name = RunRhythm;
			packageProductDependencies = (
			);
			productName = RunRhythm;
			productReference = 4D10BDCA2CCE823B00F71071 /* RunRhythm.app */;
			productType = "com.apple.product-type.application";
		};
		4D10BDD92CCE823D00F71071 /* RunRhythmTests */ = {
			isa = PBXNativeTarget;
			buildConfigurationList = 4D10BDF12CCE823D00F71071 /* Build configuration list for PBXNativeTarget "RunRhythmTests" */;
			buildPhases = (
				4D10BDD62CCE823D00F71071 /* Sources */,
				4D10BDD72CCE823D00F71071 /* Frameworks */,
				4D10BDD82CCE823D00F71071 /* Resources */,
			);
			buildRules = (
			);
			dependencies = (
				4D10BDDC2CCE823D00F71071 /* PBXTargetDependency */,
			);
			fileSystemSynchronizedGroups = (
				4D10BDDD2CCE823D00F71071 /* RunRhythmTests */,
			);
			name = RunRhythmTests;
			packageProductDependencies = (
			);
			productName = RunRhythmTests;
			productReference = 4D10BDDA2CCE823D00F71071 /* RunRhythmTests.xctest */;
			productType = "com.apple.product-type.bundle.unit-test";
		};
		4D10BDE32CCE823D00F71071 /* RunRhythmUITests */ = {
			isa = PBXNativeTarget;
			buildConfigurationList = 4D10BDF42CCE823D00F71071 /* Build configuration list for PBXNativeTarget "RunRhythmUITests" */;
			buildPhases = (
				4D10BDE02CCE823D00F71071 /* Sources */,
				4D10BDE12CCE823D00F71071 /* Frameworks */,
				4D10BDE22CCE823D00F71071 /* Resources */,
			);
			buildRules = (
			);
			dependencies = (
				4D10BDE62CCE823D00F71071 /* PBXTargetDependency */,
			);
			fileSystemSynchronizedGroups = (
				4D10BDE72CCE823D00F71071 /* RunRhythmUITests */,
			);
			name = RunRhythmUITests;
			packageProductDependencies = (
			);
			productName = RunRhythmUITests;
			productReference = 4D10BDE42CCE823D00F71071 /* RunRhythmUITests.xctest */;
			productType = "com.apple.product-type.bundle.ui-testing";
		};
		4D10BDFA2CCE837400F71071 /* RunRhythmWatch Watch App */ = {
			isa = PBXNativeTarget;
			buildConfigurationList = 4D10BE1F2CCE837600F71071 /* Build configuration list for PBXNativeTarget "RunRhythmWatch Watch App" */;
			buildPhases = (
				4D10BDF72CCE837400F71071 /* Sources */,
				4D10BDF82CCE837400F71071 /* Frameworks */,
				4D10BDF92CCE837400F71071 /* Resources */,
			);
			buildRules = (
			);
			dependencies = (
			);
			fileSystemSynchronizedGroups = (
				4D10BDFC2CCE837400F71071 /* RunRhythmWatch Watch App */,
			);
			name = "RunRhythmWatch Watch App";
			packageProductDependencies = (
			);
			productName = "RunRhythmWatch Watch App";
			productReference = 4D10BDFB2CCE837400F71071 /* RunRhythmWatch Watch App.app */;
			productType = "com.apple.product-type.application";
		};
		4D10BE092CCE837600F71071 /* RunRhythmWatch Watch AppTests */ = {
			isa = PBXNativeTarget;
			buildConfigurationList = 4D10BE232CCE837600F71071 /* Build configuration list for PBXNativeTarget "RunRhythmWatch Watch AppTests" */;
			buildPhases = (
				4D10BE062CCE837600F71071 /* Sources */,
				4D10BE072CCE837600F71071 /* Frameworks */,
				4D10BE082CCE837600F71071 /* Resources */,
			);
			buildRules = (
			);
			dependencies = (
				4D10BE0C2CCE837600F71071 /* PBXTargetDependency */,
			);
			fileSystemSynchronizedGroups = (
				4D10BE0D2CCE837600F71071 /* RunRhythmWatch Watch AppTests */,
			);
			name = "RunRhythmWatch Watch AppTests";
			packageProductDependencies = (
			);
			productName = "RunRhythmWatch Watch AppTests";
			productReference = 4D10BE0A2CCE837600F71071 /* RunRhythmWatch Watch AppTests.xctest */;
			productType = "com.apple.product-type.bundle.unit-test";
		};
		4D10BE132CCE837600F71071 /* RunRhythmWatch Watch AppUITests */ = {
			isa = PBXNativeTarget;
			buildConfigurationList = 4D10BE262CCE837600F71071 /* Build configuration list for PBXNativeTarget "RunRhythmWatch Watch AppUITests" */;
			buildPhases = (
				4D10BE102CCE837600F71071 /* Sources */,
				4D10BE112CCE837600F71071 /* Frameworks */,
				4D10BE122CCE837600F71071 /* Resources */,
			);
			buildRules = (
			);
			dependencies = (
				4D10BE162CCE837600F71071 /* PBXTargetDependency */,
			);
			fileSystemSynchronizedGroups = (
				4D10BE172CCE837600F71071 /* RunRhythmWatch Watch AppUITests */,
			);
			name = "RunRhythmWatch Watch AppUITests";
			packageProductDependencies = (
			);
			productName = "RunRhythmWatch Watch AppUITests";
			productReference = 4D10BE142CCE837600F71071 /* RunRhythmWatch Watch AppUITests.xctest */;
			productType = "com.apple.product-type.bundle.ui-testing";
		};
/* End PBXNativeTarget section */

/* Begin PBXProject section */
		4D10BDC22CCE823B00F71071 /* Project object */ = {
			isa = PBXProject;
			attributes = {
				BuildIndependentTargetsInParallel = 1;
				LastSwiftUpdateCheck = 1600;
				LastUpgradeCheck = 1600;
				TargetAttributes = {
					4D10BDC92CCE823B00F71071 = {
						CreatedOnToolsVersion = 16.0;
					};
					4D10BDD92CCE823D00F71071 = {
						CreatedOnToolsVersion = 16.0;
						TestTargetID = 4D10BDC92CCE823B00F71071;
					};
					4D10BDE32CCE823D00F71071 = {
						CreatedOnToolsVersion = 16.0;
						TestTargetID = 4D10BDC92CCE823B00F71071;
					};
					4D10BDFA2CCE837400F71071 = {
						CreatedOnToolsVersion = 16.0;
					};
					4D10BE092CCE837600F71071 = {
						CreatedOnToolsVersion = 16.0;
						TestTargetID = 4D10BDFA2CCE837400F71071;
					};
					4D10BE132CCE837600F71071 = {
						CreatedOnToolsVersion = 16.0;
						TestTargetID = 4D10BDFA2CCE837400F71071;
					};
				};
			};
			buildConfigurationList = 4D10BDC52CCE823B00F71071 /* Build configuration list for PBXProject "RunRhythm" */;
			developmentRegion = en;
			hasScannedForEncodings = 0;
			knownRegions = (
				en,
				Base,
			);
			mainGroup = 4D10BDC12CCE823B00F71071;
			minimizedProjectReferenceProxies = 1;
			preferredProjectObjectVersion = 77;
			productRefGroup = 4D10BDCB2CCE823B00F71071 /* Products */;
			projectDirPath = "";
			projectRoot = "";
			targets = (
				4D10BDC92CCE823B00F71071 /* RunRhythm */,
				4D10BDD92CCE823D00F71071 /* RunRhythmTests */,
				4D10BDE32CCE823D00F71071 /* RunRhythmUITests */,
				4D10BDFA2CCE837400F71071 /* RunRhythmWatch Watch App */,
				4D10BE092CCE837600F71071 /* RunRhythmWatch Watch AppTests */,
				4D10BE132CCE837600F71071 /* RunRhythmWatch Watch AppUITests */,
			);
		};
/* End PBXProject section */

/* Begin PBXResourcesBuildPhase section */
		4D10BDC82CCE823B00F71071 /* Resources */ = {
			isa = PBXResourcesBuildPhase;
			buildActionMask = 2147483647;
			files = (
			);
			runOnlyForDeploymentPostprocessing = 0;
		};
		4D10BDD82CCE823D00F71071 /* Resources */ = {
			isa = PBXResourcesBuildPhase;
			buildActionMask = 2147483647;
			files = (
			);
			runOnlyForDeploymentPostprocessing = 0;
		};
		4D10BDE22CCE823D00F71071 /* Resources */ = {
			isa = PBXResourcesBuildPhase;
			buildActionMask = 2147483647;
			files = (
			);
			runOnlyForDeploymentPostprocessing = 0;
		};
		4D10BDF92CCE837400F71071 /* Resources */ = {
			isa = PBXResourcesBuildPhase;
			buildActionMask = 2147483647;
			files = (
			);
			runOnlyForDeploymentPostprocessing = 0;
		};
		4D10BE082CCE837600F71071 /* Resources */ = {
			isa = PBXResourcesBuildPhase;
			buildActionMask = 2147483647;
			files = (
			);
			runOnlyForDeploymentPostprocessing = 0;
		};
		4D10BE122CCE837600F71071 /* Resources */ = {
			isa = PBXResourcesBuildPhase;
			buildActionMask = 2147483647;
			files = (
			);
			runOnlyForDeploymentPostprocessing = 0;
		};
/* End PBXResourcesBuildPhase section */

/* Begin PBXSourcesBuildPhase section */
		4D10BDC62CCE823B00F71071 /* Sources */ = {
			isa = PBXSourcesBuildPhase;
			buildActionMask = 2147483647;
			files = (
			);
			runOnlyForDeploymentPostprocessing = 0;
		};
		4D10BDD62CCE823D00F71071 /* Sources */ = {
			isa = PBXSourcesBuildPhase;
			buildActionMask = 2147483647;
			files = (
			);
			runOnlyForDeploymentPostprocessing = 0;
		};
		4D10BDE02CCE823D00F71071 /* Sources */ = {
			isa = PBXSourcesBuildPhase;
			buildActionMask = 2147483647;
			files = (
			);
			runOnlyForDeploymentPostprocessing = 0;
		};
		4D10BDF72CCE837400F71071 /* Sources */ = {
			isa = PBXSourcesBuildPhase;
			buildActionMask = 2147483647;
			files = (
			);
			runOnlyForDeploymentPostprocessing = 0;
		};
		4D10BE062CCE837600F71071 /* Sources */ = {
			isa = PBXSourcesBuildPhase;
			buildActionMask = 2147483647;
			files = (
			);
			runOnlyForDeploymentPostprocessing = 0;
		};
		4D10BE102CCE837600F71071 /* Sources */ = {
			isa = PBXSourcesBuildPhase;
			buildActionMask = 2147483647;
			files = (
			);
			runOnlyForDeploymentPostprocessing = 0;
		};
/* End PBXSourcesBuildPhase section */

/* Begin PBXTargetDependency section */
		4D10BDDC2CCE823D00F71071 /* PBXTargetDependency */ = {
			isa = PBXTargetDependency;
			target = 4D10BDC92CCE823B00F71071 /* RunRhythm */;
			targetProxy = 4D10BDDB2CCE823D00F71071 /* PBXContainerItemProxy */;
		};
		4D10BDE62CCE823D00F71071 /* PBXTargetDependency */ = {
			isa = PBXTargetDependency;
			target = 4D10BDC92CCE823B00F71071 /* RunRhythm */;
			targetProxy = 4D10BDE52CCE823D00F71071 /* PBXContainerItemProxy */;
		};
		4D10BE0C2CCE837600F71071 /* PBXTargetDependency */ = {
			isa = PBXTargetDependency;
			target = 4D10BDFA2CCE837400F71071 /* RunRhythmWatch Watch App */;
			targetProxy = 4D10BE0B2CCE837600F71071 /* PBXContainerItemProxy */;
		};
		4D10BE162CCE837600F71071 /* PBXTargetDependency */ = {
			isa = PBXTargetDependency;
			target = 4D10BDFA2CCE837400F71071 /* RunRhythmWatch Watch App */;
			targetProxy = 4D10BE152CCE837600F71071 /* PBXContainerItemProxy */;
		};
		4D10BE1D2CCE837600F71071 /* PBXTargetDependency */ = {
			isa = PBXTargetDependency;
			target = 4D10BDFA2CCE837400F71071 /* RunRhythmWatch Watch App */;
			targetProxy = 4D10BE1C2CCE837600F71071 /* PBXContainerItemProxy */;
		};
/* End PBXTargetDependency section */

/* Begin XCBuildConfiguration section */
		4D10BDEC2CCE823D00F71071 /* Debug */ = {
			isa = XCBuildConfiguration;
			buildSettings = {
				ALWAYS_SEARCH_USER_PATHS = NO;
				ASSETCATALOG_COMPILER_GENERATE_SWIFT_ASSET_SYMBOL_EXTENSIONS = YES;
				CLANG_ANALYZER_NONNULL = YES;
				CLANG_ANALYZER_NUMBER_OBJECT_CONVERSION = YES_AGGRESSIVE;
				CLANG_CXX_LANGUAGE_STANDARD = "gnu++20";
				CLANG_ENABLE_MODULES = YES;
				CLANG_ENABLE_OBJC_ARC = YES;
				CLANG_ENABLE_OBJC_WEAK = YES;
				CLANG_WARN_BLOCK_CAPTURE_AUTORELEASING = YES;
				CLANG_WARN_BOOL_CONVERSION = YES;
				CLANG_WARN_COMMA = YES;
				CLANG_WARN_CONSTANT_CONVERSION = YES;
				CLANG_WARN_DEPRECATED_OBJC_IMPLEMENTATIONS = YES;
				CLANG_WARN_DIRECT_OBJC_ISA_USAGE = YES_ERROR;
				CLANG_WARN_DOCUMENTATION_COMMENTS = YES;
				CLANG_WARN_EMPTY_BODY = YES;
				CLANG_WARN_ENUM_CONVERSION = YES;
				CLANG_WARN_INFINITE_RECURSION = YES;
				CLANG_WARN_INT_CONVERSION = YES;
				CLANG_WARN_NON_LITERAL_NULL_CONVERSION = YES;
				CLANG_WARN_OBJC_IMPLICIT_RETAIN_SELF = YES;
				CLANG_WARN_OBJC_LITERAL_CONVERSION = YES;
				CLANG_WARN_OBJC_ROOT_CLASS = YES_ERROR;
				CLANG_WARN_QUOTED_INCLUDE_IN_FRAMEWORK_HEADER = YES;
				CLANG_WARN_RANGE_LOOP_ANALYSIS = YES;
				CLANG_WARN_STRICT_PROTOTYPES = YES;
				CLANG_WARN_SUSPICIOUS_MOVE = YES;
				CLANG_WARN_UNGUARDED_AVAILABILITY = YES_AGGRESSIVE;
				CLANG_WARN_UNREACHABLE_CODE = YES;
				CLANG_WARN__DUPLICATE_METHOD_MATCH = YES;
				COPY_PHASE_STRIP = NO;
				DEBUG_INFORMATION_FORMAT = dwarf;
				ENABLE_STRICT_OBJC_MSGSEND = YES;
				ENABLE_TESTABILITY = YES;
				ENABLE_USER_SCRIPT_SANDBOXING = YES;
				GCC_C_LANGUAGE_STANDARD = gnu17;
				GCC_DYNAMIC_NO_PIC = NO;
				GCC_NO_COMMON_BLOCKS = YES;
				GCC_OPTIMIZATION_LEVEL = 0;
				GCC_PREPROCESSOR_DEFINITIONS = (
					"DEBUG=1",
					"$(inherited)",
				);
				GCC_WARN_64_TO_32_BIT_CONVERSION = YES;
				GCC_WARN_ABOUT_RETURN_TYPE = YES_ERROR;
				GCC_WARN_UNDECLARED_SELECTOR = YES;
				GCC_WARN_UNINITIALIZED_AUTOS = YES_AGGRESSIVE;
				GCC_WARN_UNUSED_FUNCTION = YES;
				GCC_WARN_UNUSED_VARIABLE = YES;
				IPHONEOS_DEPLOYMENT_TARGET = 18.0;
				LOCALIZATION_PREFERS_STRING_CATALOGS = YES;
				MTL_ENABLE_DEBUG_INFO = INCLUDE_SOURCE;
				MTL_FAST_MATH = YES;
				ONLY_ACTIVE_ARCH = YES;
				SDKROOT = iphoneos;
				SWIFT_ACTIVE_COMPILATION_CONDITIONS = "DEBUG $(inherited)";
				SWIFT_OPTIMIZATION_LEVEL = "-Onone";
			};
			name = Debug;
		};
		4D10BDED2CCE823D00F71071 /* Release */ = {
			isa = XCBuildConfiguration;
			buildSettings = {
				ALWAYS_SEARCH_USER_PATHS = NO;
				ASSETCATALOG_COMPILER_GENERATE_SWIFT_ASSET_SYMBOL_EXTENSIONS = YES;
				CLANG_ANALYZER_NONNULL = YES;
				CLANG_ANALYZER_NUMBER_OBJECT_CONVERSION = YES_AGGRESSIVE;
				CLANG_CXX_LANGUAGE_STANDARD = "gnu++20";
				CLANG_ENABLE_MODULES = YES;
				CLANG_ENABLE_OBJC_ARC = YES;
				CLANG_ENABLE_OBJC_WEAK = YES;
				CLANG_WARN_BLOCK_CAPTURE_AUTORELEASING = YES;
				CLANG_WARN_BOOL_CONVERSION = YES;
				CLANG_WARN_COMMA = YES;
				CLANG_WARN_CONSTANT_CONVERSION = YES;
				CLANG_WARN_DEPRECATED_OBJC_IMPLEMENTATIONS = YES;
				CLANG_WARN_DIRECT_OBJC_ISA_USAGE = YES_ERROR;
				CLANG_WARN_DOCUMENTATION_COMMENTS = YES;
				CLANG_WARN_EMPTY_BODY = YES;
				CLANG_WARN_ENUM_CONVERSION = YES;
				CLANG_WARN_INFINITE_RECURSION = YES;
				CLANG_WARN_INT_CONVERSION = YES;
				CLANG_WARN_NON_LITERAL_NULL_CONVERSION = YES;
				CLANG_WARN_OBJC_IMPLICIT_RETAIN_SELF = YES;
				CLANG_WARN_OBJC_LITERAL_CONVERSION = YES;
				CLANG_WARN_OBJC_ROOT_CLASS = YES_ERROR;
				CLANG_WARN_QUOTED_INCLUDE_IN_FRAMEWORK_HEADER = YES;
				CLANG_WARN_RANGE_LOOP_ANALYSIS = YES;
				CLANG_WARN_STRICT_PROTOTYPES = YES;
				CLANG_WARN_SUSPICIOUS_MOVE = YES;
				CLANG_WARN_UNGUARDED_AVAILABILITY = YES_AGGRESSIVE;
				CLANG_WARN_UNREACHABLE_CODE = YES;
				CLANG_WARN__DUPLICATE_METHOD_MATCH = YES;
				COPY_PHASE_STRIP = NO;
				DEBUG_INFORMATION_FORMAT = "dwarf-with-dsym";
				ENABLE_NS_ASSERTIONS = NO;
				ENABLE_STRICT_OBJC_MSGSEND = YES;
				ENABLE_USER_SCRIPT_SANDBOXING = YES;
				GCC_C_LANGUAGE_STANDARD = gnu17;
				GCC_NO_COMMON_BLOCKS = YES;
				GCC_WARN_64_TO_32_BIT_CONVERSION = YES;
				GCC_WARN_ABOUT_RETURN_TYPE = YES_ERROR;
				GCC_WARN_UNDECLARED_SELECTOR = YES;
				GCC_WARN_UNINITIALIZED_AUTOS = YES_AGGRESSIVE;
				GCC_WARN_UNUSED_FUNCTION = YES;
				GCC_WARN_UNUSED_VARIABLE = YES;
				IPHONEOS_DEPLOYMENT_TARGET = 18.0;
				LOCALIZATION_PREFERS_STRING_CATALOGS = YES;
				MTL_ENABLE_DEBUG_INFO = NO;
				MTL_FAST_MATH = YES;
				SDKROOT = iphoneos;
				SWIFT_COMPILATION_MODE = wholemodule;
				VALIDATE_PRODUCT = YES;
			};
			name = Release;
		};
		4D10BDEF2CCE823D00F71071 /* Debug */ = {
			isa = XCBuildConfiguration;
			buildSettings = {
				ASSETCATALOG_COMPILER_APPICON_NAME = AppIcon;
				ASSETCATALOG_COMPILER_GLOBAL_ACCENT_COLOR_NAME = AccentColor;
				CODE_SIGN_STYLE = Automatic;
				CURRENT_PROJECT_VERSION = 1;
				DEVELOPMENT_ASSET_PATHS = "\"RunRhythm/Preview Content\"";
				DEVELOPMENT_TEAM = 3JQPLE5ZEK;
				ENABLE_PREVIEWS = YES;
				GENERATE_INFOPLIST_FILE = YES;
				INFOPLIST_FILE = "";
				INFOPLIST_KEY_CFBundleDisplayName = "Run Rhythm";
				INFOPLIST_KEY_NSLocationWhenInUseUsageDescription = "Location data is required to show the data";
				INFOPLIST_KEY_UIApplicationSceneManifest_Generation = YES;
				INFOPLIST_KEY_UIApplicationSupportsIndirectInputEvents = YES;
				INFOPLIST_KEY_UILaunchScreen_Generation = YES;
				INFOPLIST_KEY_UISupportedInterfaceOrientations = UIInterfaceOrientationPortrait;
				LD_RUNPATH_SEARCH_PATHS = (
					"$(inherited)",
					"@executable_path/Frameworks",
				);
				MARKETING_VERSION = 1.0;
				PRODUCT_BUNDLE_IDENTIFIER = "pl.Raman-Kozar.RunRhythm";
				PRODUCT_NAME = "$(TARGET_NAME)";
				SUPPORTED_PLATFORMS = "iphoneos iphonesimulator";
				SUPPORTS_MACCATALYST = NO;
				SWIFT_EMIT_LOC_STRINGS = YES;
				SWIFT_VERSION = 5.0;
				TARGETED_DEVICE_FAMILY = 1;
			};
			name = Debug;
		};
		4D10BDF02CCE823D00F71071 /* Release */ = {
			isa = XCBuildConfiguration;
			buildSettings = {
				ASSETCATALOG_COMPILER_APPICON_NAME = AppIcon;
				ASSETCATALOG_COMPILER_GLOBAL_ACCENT_COLOR_NAME = AccentColor;
				CODE_SIGN_STYLE = Automatic;
				CURRENT_PROJECT_VERSION = 1;
				DEVELOPMENT_ASSET_PATHS = "\"RunRhythm/Preview Content\"";
				DEVELOPMENT_TEAM = 3JQPLE5ZEK;
				ENABLE_PREVIEWS = YES;
				GENERATE_INFOPLIST_FILE = YES;
				INFOPLIST_FILE = "";
				INFOPLIST_KEY_CFBundleDisplayName = "Run Rhythm";
				INFOPLIST_KEY_NSLocationWhenInUseUsageDescription = "Location data is required to show the data";
				INFOPLIST_KEY_UIApplicationSceneManifest_Generation = YES;
				INFOPLIST_KEY_UIApplicationSupportsIndirectInputEvents = YES;
				INFOPLIST_KEY_UILaunchScreen_Generation = YES;
				INFOPLIST_KEY_UISupportedInterfaceOrientations = UIInterfaceOrientationPortrait;
				LD_RUNPATH_SEARCH_PATHS = (
					"$(inherited)",
					"@executable_path/Frameworks",
				);
				MARKETING_VERSION = 1.0;
				PRODUCT_BUNDLE_IDENTIFIER = "pl.Raman-Kozar.RunRhythm";
				PRODUCT_NAME = "$(TARGET_NAME)";
				SUPPORTED_PLATFORMS = "iphoneos iphonesimulator";
				SUPPORTS_MACCATALYST = NO;
				SWIFT_EMIT_LOC_STRINGS = YES;
				SWIFT_VERSION = 5.0;
				TARGETED_DEVICE_FAMILY = 1;
			};
			name = Release;
		};
		4D10BDF22CCE823D00F71071 /* Debug */ = {
			isa = XCBuildConfiguration;
			buildSettings = {
				BUNDLE_LOADER = "$(TEST_HOST)";
				CODE_SIGN_STYLE = Automatic;
				CURRENT_PROJECT_VERSION = 1;
				DEVELOPMENT_TEAM = 3JQPLE5ZEK;
				GENERATE_INFOPLIST_FILE = YES;
				IPHONEOS_DEPLOYMENT_TARGET = 18.0;
				MARKETING_VERSION = 1.0;
				PRODUCT_BUNDLE_IDENTIFIER = "pl.Raman-Kozar.RunRhythmTests";
				PRODUCT_NAME = "$(TARGET_NAME)";
				SWIFT_EMIT_LOC_STRINGS = NO;
				SWIFT_VERSION = 5.0;
				TARGETED_DEVICE_FAMILY = "1,2";
				TEST_HOST = "$(BUILT_PRODUCTS_DIR)/RunRhythm.app/$(BUNDLE_EXECUTABLE_FOLDER_PATH)/RunRhythm";
			};
			name = Debug;
		};
		4D10BDF32CCE823D00F71071 /* Release */ = {
			isa = XCBuildConfiguration;
			buildSettings = {
				BUNDLE_LOADER = "$(TEST_HOST)";
				CODE_SIGN_STYLE = Automatic;
				CURRENT_PROJECT_VERSION = 1;
				DEVELOPMENT_TEAM = 3JQPLE5ZEK;
				GENERATE_INFOPLIST_FILE = YES;
				IPHONEOS_DEPLOYMENT_TARGET = 18.0;
				MARKETING_VERSION = 1.0;
				PRODUCT_BUNDLE_IDENTIFIER = "pl.Raman-Kozar.RunRhythmTests";
				PRODUCT_NAME = "$(TARGET_NAME)";
				SWIFT_EMIT_LOC_STRINGS = NO;
				SWIFT_VERSION = 5.0;
				TARGETED_DEVICE_FAMILY = "1,2";
				TEST_HOST = "$(BUILT_PRODUCTS_DIR)/RunRhythm.app/$(BUNDLE_EXECUTABLE_FOLDER_PATH)/RunRhythm";
			};
			name = Release;
		};
		4D10BDF52CCE823D00F71071 /* Debug */ = {
			isa = XCBuildConfiguration;
			buildSettings = {
				CODE_SIGN_STYLE = Automatic;
				CURRENT_PROJECT_VERSION = 1;
				DEVELOPMENT_TEAM = 3JQPLE5ZEK;
				GENERATE_INFOPLIST_FILE = YES;
				MARKETING_VERSION = 1.0;
				PRODUCT_BUNDLE_IDENTIFIER = "pl.Raman-Kozar.RunRhythmUITests";
				PRODUCT_NAME = "$(TARGET_NAME)";
				SWIFT_EMIT_LOC_STRINGS = NO;
				SWIFT_VERSION = 5.0;
				TARGETED_DEVICE_FAMILY = "1,2";
				TEST_TARGET_NAME = RunRhythm;
			};
			name = Debug;
		};
		4D10BDF62CCE823D00F71071 /* Release */ = {
			isa = XCBuildConfiguration;
			buildSettings = {
				CODE_SIGN_STYLE = Automatic;
				CURRENT_PROJECT_VERSION = 1;
				DEVELOPMENT_TEAM = 3JQPLE5ZEK;
				GENERATE_INFOPLIST_FILE = YES;
				MARKETING_VERSION = 1.0;
				PRODUCT_BUNDLE_IDENTIFIER = "pl.Raman-Kozar.RunRhythmUITests";
				PRODUCT_NAME = "$(TARGET_NAME)";
				SWIFT_EMIT_LOC_STRINGS = NO;
				SWIFT_VERSION = 5.0;
				TARGETED_DEVICE_FAMILY = "1,2";
				TEST_TARGET_NAME = RunRhythm;
			};
			name = Release;
		};
		4D10BE202CCE837600F71071 /* Debug */ = {
			isa = XCBuildConfiguration;
			buildSettings = {
				ASSETCATALOG_COMPILER_APPICON_NAME = AppIcon;
				ASSETCATALOG_COMPILER_GLOBAL_ACCENT_COLOR_NAME = AccentColor;
				CODE_SIGN_STYLE = Automatic;
				CURRENT_PROJECT_VERSION = 1;
				DEVELOPMENT_ASSET_PATHS = "\"RunRhythmWatch Watch App/Preview Content\"";
				DEVELOPMENT_TEAM = 3JQPLE5ZEK;
				ENABLE_PREVIEWS = YES;
				GENERATE_INFOPLIST_FILE = YES;
				INFOPLIST_KEY_CFBundleDisplayName = RunRhythmWatch;
				INFOPLIST_KEY_UISupportedInterfaceOrientations = "UIInterfaceOrientationPortrait UIInterfaceOrientationPortraitUpsideDown";
				INFOPLIST_KEY_WKCompanionAppBundleIdentifier = "pl.Raman-Kozar.RunRhythm";
				LD_RUNPATH_SEARCH_PATHS = (
					"$(inherited)",
					"@executable_path/Frameworks",
				);
				MARKETING_VERSION = 1.0;
				PRODUCT_BUNDLE_IDENTIFIER = "pl.Raman-Kozar.RunRhythm.watchkitapp";
				PRODUCT_NAME = "$(TARGET_NAME)";
				SDKROOT = watchos;
				SKIP_INSTALL = YES;
				SWIFT_EMIT_LOC_STRINGS = YES;
				SWIFT_VERSION = 5.0;
				TARGETED_DEVICE_FAMILY = 4;
				WATCHOS_DEPLOYMENT_TARGET = 11.0;
			};
			name = Debug;
		};
		4D10BE212CCE837600F71071 /* Release */ = {
			isa = XCBuildConfiguration;
			buildSettings = {
				ASSETCATALOG_COMPILER_APPICON_NAME = AppIcon;
				ASSETCATALOG_COMPILER_GLOBAL_ACCENT_COLOR_NAME = AccentColor;
				CODE_SIGN_STYLE = Automatic;
				CURRENT_PROJECT_VERSION = 1;
				DEVELOPMENT_ASSET_PATHS = "\"RunRhythmWatch Watch App/Preview Content\"";
				DEVELOPMENT_TEAM = 3JQPLE5ZEK;
				ENABLE_PREVIEWS = YES;
				GENERATE_INFOPLIST_FILE = YES;
				INFOPLIST_KEY_CFBundleDisplayName = RunRhythmWatch;
				INFOPLIST_KEY_UISupportedInterfaceOrientations = "UIInterfaceOrientationPortrait UIInterfaceOrientationPortraitUpsideDown";
				INFOPLIST_KEY_WKCompanionAppBundleIdentifier = "pl.Raman-Kozar.RunRhythm";
				LD_RUNPATH_SEARCH_PATHS = (
					"$(inherited)",
					"@executable_path/Frameworks",
				);
				MARKETING_VERSION = 1.0;
				PRODUCT_BUNDLE_IDENTIFIER = "pl.Raman-Kozar.RunRhythm.watchkitapp";
				PRODUCT_NAME = "$(TARGET_NAME)";
				SDKROOT = watchos;
				SKIP_INSTALL = YES;
				SWIFT_EMIT_LOC_STRINGS = YES;
				SWIFT_VERSION = 5.0;
				TARGETED_DEVICE_FAMILY = 4;
				WATCHOS_DEPLOYMENT_TARGET = 11.0;
			};
			name = Release;
		};
		4D10BE242CCE837600F71071 /* Debug */ = {
			isa = XCBuildConfiguration;
			buildSettings = {
				BUNDLE_LOADER = "$(TEST_HOST)";
				CODE_SIGN_STYLE = Automatic;
				CURRENT_PROJECT_VERSION = 1;
				DEVELOPMENT_TEAM = 3JQPLE5ZEK;
				GENERATE_INFOPLIST_FILE = YES;
				MARKETING_VERSION = 1.0;
				PRODUCT_BUNDLE_IDENTIFIER = "pl.Raman-Kozar.RunRhythmWatch-Watch-AppTests";
				PRODUCT_NAME = "$(TARGET_NAME)";
				SDKROOT = watchos;
				SWIFT_EMIT_LOC_STRINGS = NO;
				SWIFT_VERSION = 5.0;
				TARGETED_DEVICE_FAMILY = 4;
				TEST_HOST = "$(BUILT_PRODUCTS_DIR)/RunRhythmWatch Watch App.app/$(BUNDLE_EXECUTABLE_FOLDER_PATH)/RunRhythmWatch Watch App";
				WATCHOS_DEPLOYMENT_TARGET = 11.0;
			};
			name = Debug;
		};
		4D10BE252CCE837600F71071 /* Release */ = {
			isa = XCBuildConfiguration;
			buildSettings = {
				BUNDLE_LOADER = "$(TEST_HOST)";
				CODE_SIGN_STYLE = Automatic;
				CURRENT_PROJECT_VERSION = 1;
				DEVELOPMENT_TEAM = 3JQPLE5ZEK;
				GENERATE_INFOPLIST_FILE = YES;
				MARKETING_VERSION = 1.0;
				PRODUCT_BUNDLE_IDENTIFIER = "pl.Raman-Kozar.RunRhythmWatch-Watch-AppTests";
				PRODUCT_NAME = "$(TARGET_NAME)";
				SDKROOT = watchos;
				SWIFT_EMIT_LOC_STRINGS = NO;
				SWIFT_VERSION = 5.0;
				TARGETED_DEVICE_FAMILY = 4;
				TEST_HOST = "$(BUILT_PRODUCTS_DIR)/RunRhythmWatch Watch App.app/$(BUNDLE_EXECUTABLE_FOLDER_PATH)/RunRhythmWatch Watch App";
				WATCHOS_DEPLOYMENT_TARGET = 11.0;
			};
			name = Release;
		};
		4D10BE272CCE837600F71071 /* Debug */ = {
			isa = XCBuildConfiguration;
			buildSettings = {
				CODE_SIGN_STYLE = Automatic;
				CURRENT_PROJECT_VERSION = 1;
				DEVELOPMENT_TEAM = 3JQPLE5ZEK;
				GENERATE_INFOPLIST_FILE = YES;
				MARKETING_VERSION = 1.0;
				PRODUCT_BUNDLE_IDENTIFIER = "pl.Raman-Kozar.RunRhythmWatch-Watch-AppUITests";
				PRODUCT_NAME = "$(TARGET_NAME)";
				SDKROOT = watchos;
				SWIFT_EMIT_LOC_STRINGS = NO;
				SWIFT_VERSION = 5.0;
				TARGETED_DEVICE_FAMILY = 4;
				TEST_TARGET_NAME = "RunRhythmWatch Watch App";
				WATCHOS_DEPLOYMENT_TARGET = 11.0;
			};
			name = Debug;
		};
		4D10BE282CCE837600F71071 /* Release */ = {
			isa = XCBuildConfiguration;
			buildSettings = {
				CODE_SIGN_STYLE = Automatic;
				CURRENT_PROJECT_VERSION = 1;
				DEVELOPMENT_TEAM = 3JQPLE5ZEK;
				GENERATE_INFOPLIST_FILE = YES;
				MARKETING_VERSION = 1.0;
				PRODUCT_BUNDLE_IDENTIFIER = "pl.Raman-Kozar.RunRhythmWatch-Watch-AppUITests";
				PRODUCT_NAME = "$(TARGET_NAME)";
				SDKROOT = watchos;
				SWIFT_EMIT_LOC_STRINGS = NO;
				SWIFT_VERSION = 5.0;
				TARGETED_DEVICE_FAMILY = 4;
				TEST_TARGET_NAME = "RunRhythmWatch Watch App";
				WATCHOS_DEPLOYMENT_TARGET = 11.0;
			};
			name = Release;
		};
/* End XCBuildConfiguration section */

/* Begin XCConfigurationList section */
		4D10BDC52CCE823B00F71071 /* Build configuration list for PBXProject "RunRhythm" */ = {
			isa = XCConfigurationList;
			buildConfigurations = (
				4D10BDEC2CCE823D00F71071 /* Debug */,
				4D10BDED2CCE823D00F71071 /* Release */,
			);
			defaultConfigurationIsVisible = 0;
			defaultConfigurationName = Release;
		};
		4D10BDEE2CCE823D00F71071 /* Build configuration list for PBXNativeTarget "RunRhythm" */ = {
			isa = XCConfigurationList;
			buildConfigurations = (
				4D10BDEF2CCE823D00F71071 /* Debug */,
				4D10BDF02CCE823D00F71071 /* Release */,
			);
			defaultConfigurationIsVisible = 0;
			defaultConfigurationName = Release;
		};
		4D10BDF12CCE823D00F71071 /* Build configuration list for PBXNativeTarget "RunRhythmTests" */ = {
			isa = XCConfigurationList;
			buildConfigurations = (
				4D10BDF22CCE823D00F71071 /* Debug */,
				4D10BDF32CCE823D00F71071 /* Release */,
			);
			defaultConfigurationIsVisible = 0;
			defaultConfigurationName = Release;
		};
		4D10BDF42CCE823D00F71071 /* Build configuration list for PBXNativeTarget "RunRhythmUITests" */ = {
			isa = XCConfigurationList;
			buildConfigurations = (
				4D10BDF52CCE823D00F71071 /* Debug */,
				4D10BDF62CCE823D00F71071 /* Release */,
			);
			defaultConfigurationIsVisible = 0;
			defaultConfigurationName = Release;
		};
		4D10BE1F2CCE837600F71071 /* Build configuration list for PBXNativeTarget "RunRhythmWatch Watch App" */ = {
			isa = XCConfigurationList;
			buildConfigurations = (
				4D10BE202CCE837600F71071 /* Debug */,
				4D10BE212CCE837600F71071 /* Release */,
			);
			defaultConfigurationIsVisible = 0;
			defaultConfigurationName = Release;
		};
		4D10BE232CCE837600F71071 /* Build configuration list for PBXNativeTarget "RunRhythmWatch Watch AppTests" */ = {
			isa = XCConfigurationList;
			buildConfigurations = (
				4D10BE242CCE837600F71071 /* Debug */,
				4D10BE252CCE837600F71071 /* Release */,
			);
			defaultConfigurationIsVisible = 0;
			defaultConfigurationName = Release;
		};
		4D10BE262CCE837600F71071 /* Build configuration list for PBXNativeTarget "RunRhythmWatch Watch AppUITests" */ = {
			isa = XCConfigurationList;
			buildConfigurations = (
				4D10BE272CCE837600F71071 /* Debug */,
				4D10BE282CCE837600F71071 /* Release */,
			);
			defaultConfigurationIsVisible = 0;
			defaultConfigurationName = Release;
		};
/* End XCConfigurationList section */
	};
	rootObject = 4D10BDC22CCE823B00F71071 /* Project object */;
}
